<?xml version="1.0" encoding="utf-8"?>
<Project ToolsVersion="4.0" xmlns="http://schemas.microsoft.com/developer/msbuild/2003">
  <ItemGroup>
    <Filter Include="Source Files">
      <UniqueIdentifier>{4FC737F1-C7A5-4376-A066-2A32D752A2FF}</UniqueIdentifier>
      <Extensions>cpp;c;cc;cxx;def;odl;idl;hpj;bat;asm;asmx</Extensions>
    </Filter>
    <Filter Include="Header Files">
      <UniqueIdentifier>{93995380-89BD-4b04-88EB-625FBE52EBFB}</UniqueIdentifier>
      <Extensions>h;hpp;hxx;hm;inl;inc;xsd</Extensions>
    </Filter>
    <Filter Include="Resource Files">
      <UniqueIdentifier>{67DA6AB6-F800-4c08-8B7A-83BB121AAD01}</UniqueIdentifier>
      <Extensions>rc;ico;cur;bmp;dlg;rc2;rct;bin;rgs;gif;jpg;jpeg;jpe;resx;tiff;tif;png;wav;mfcribbon-ms</Extensions>
    </Filter>
    <Filter Include="Header Files\GameEngine">
      <UniqueIdentifier>{c4772078-b5c3-43df-9e6c-4ce28dcceef7}</UniqueIdentifier>
    </Filter>
    <Filter Include="Header Files\GameEngine\Actor">
      <UniqueIdentifier>{1aa0f8f5-6da5-408a-933c-8786cf4a410f}</UniqueIdentifier>
    </Filter>
    <Filter Include="Header Files\GameEngine\Graphics">
      <UniqueIdentifier>{3404429c-0529-4e14-9749-15f3f2fd3651}</UniqueIdentifier>
    </Filter>
    <Filter Include="Header Files\GameEngine\Input">
      <UniqueIdentifier>{461ca8d1-e0a8-474b-b314-6bac601401bd}</UniqueIdentifier>
    </Filter>
    <Filter Include="Header Files\GameEngine\Util">
      <UniqueIdentifier>{4403dc5f-5ffe-4070-b878-c472585ce43c}</UniqueIdentifier>
    </Filter>
    <Filter Include="Header Files\GameEngine\ScreenManager">
      <UniqueIdentifier>{f2c29f5c-0c07-4e6d-a5d1-f050ce881a5d}</UniqueIdentifier>
    </Filter>
    <Filter Include="Header Files\GameEngine\Output">
      <UniqueIdentifier>{bf3001b7-3ded-4ec5-b733-3b9288a4bec7}</UniqueIdentifier>
    </Filter>
    <Filter Include="Source Files\GameEngine">
      <UniqueIdentifier>{633ec879-c0ad-452b-b56a-83c1908b79ee}</UniqueIdentifier>
    </Filter>
    <Filter Include="Source Files\GameEngine\Actor">
      <UniqueIdentifier>{27735840-6179-4ccc-bab4-2d8f97024b25}</UniqueIdentifier>
    </Filter>
    <Filter Include="Source Files\GameEngine\Graphics">
      <UniqueIdentifier>{13cf9d62-34d4-437e-8014-307eb2217d26}</UniqueIdentifier>
    </Filter>
    <Filter Include="Source Files\GameEngine\Input">
      <UniqueIdentifier>{c319459f-fad8-4b9d-87f8-c8303a76f0b3}</UniqueIdentifier>
    </Filter>
    <Filter Include="Source Files\GameEngine\Util">
      <UniqueIdentifier>{ce189f76-544b-4f77-8697-07c9b8437091}</UniqueIdentifier>
    </Filter>
    <Filter Include="Source Files\GameEngine\ScreenManager">
      <UniqueIdentifier>{eac8569b-4296-4ff2-a002-d79c3860eea9}</UniqueIdentifier>
    </Filter>
    <Filter Include="Source Files\GameEngine\Output">
      <UniqueIdentifier>{3ca9dd7f-acd8-488f-87e2-be8149baa457}</UniqueIdentifier>
    </Filter>
    <Filter Include="Header Files\SmashBros">
      <UniqueIdentifier>{b92ffe16-47f4-41f0-b4ab-7789715e41ba}</UniqueIdentifier>
    </Filter>
    <Filter Include="Source Files\SmashBros">
      <UniqueIdentifier>{089db95d-83b2-4b03-ac39-d5fd798cfac4}</UniqueIdentifier>
    </Filter>
    <Filter Include="Header Files\SmashBros\Game">
      <UniqueIdentifier>{793f4217-5517-4d39-baa2-f2b1d7b1518b}</UniqueIdentifier>
    </Filter>
    <Filter Include="Header Files\SmashBros\Game\Characters">
      <UniqueIdentifier>{e68171a8-9f82-4564-9f39-ee452e14f1ea}</UniqueIdentifier>
    </Filter>
    <Filter Include="Header Files\SmashBros\Game\Items">
      <UniqueIdentifier>{3cc70f7b-41de-4296-8390-c6659d90ec48}</UniqueIdentifier>
    </Filter>
    <Filter Include="Header Files\SmashBros\Game\Stages">
      <UniqueIdentifier>{5e1f8042-0693-428c-a071-b4ab19e9e0bf}</UniqueIdentifier>
    </Filter>
    <Filter Include="Header Files\SmashBros\Game\Stages\StagePieces">
      <UniqueIdentifier>{8fe66f87-ccfd-45a3-9ac4-e140bce3bfc9}</UniqueIdentifier>
    </Filter>
    <Filter Include="Header Files\SmashBros\Menus">
      <UniqueIdentifier>{42017472-7687-4764-8372-633bf2f02be6}</UniqueIdentifier>
    </Filter>
    <Filter Include="Header Files\SmashBros\Menus\MenuPieces">
      <UniqueIdentifier>{26eeaf4a-35fd-4a70-99ed-4b7c1dd59965}</UniqueIdentifier>
    </Filter>
    <Filter Include="Source Files\SmashBros\Game">
      <UniqueIdentifier>{a0d6232e-8e59-40a3-9ef2-ccbb0e14ee4c}</UniqueIdentifier>
    </Filter>
    <Filter Include="Source Files\SmashBros\Menus">
      <UniqueIdentifier>{d060de55-7856-4d73-b71b-3eca3f392f99}</UniqueIdentifier>
    </Filter>
    <Filter Include="Source Files\SmashBros\Game\Characters">
      <UniqueIdentifier>{5ac2a646-d818-4e66-84ff-6fe648656a0e}</UniqueIdentifier>
    </Filter>
    <Filter Include="Source Files\SmashBros\Game\Items">
      <UniqueIdentifier>{4e34c64b-36a0-45fd-9d8b-8100bba2eb04}</UniqueIdentifier>
    </Filter>
    <Filter Include="Source Files\SmashBros\Game\Stages">
      <UniqueIdentifier>{71b2efa8-d9dc-445b-a778-bb8244bb64ad}</UniqueIdentifier>
    </Filter>
    <Filter Include="Source Files\SmashBros\Game\Stages\StagePieces">
      <UniqueIdentifier>{7a586b9e-fa31-499d-9192-7654421e0452}</UniqueIdentifier>
    </Filter>
    <Filter Include="Source Files\SmashBros\Menus\MenuPieces">
      <UniqueIdentifier>{d3d8f734-8c75-4ebb-b6b8-f11c991c0c25}</UniqueIdentifier>
    </Filter>
    <Filter Include="Source Files\PlistCpp">
      <UniqueIdentifier>{a27c4981-8541-472f-acd2-ce2881e20970}</UniqueIdentifier>
    </Filter>
    <Filter Include="Header Files\PlistCpp">
      <UniqueIdentifier>{2cbf74cc-abaa-4370-a3d2-f8ab589a182b}</UniqueIdentifier>
    </Filter>
    <Filter Include="Header Files\ScriptModule">
      <UniqueIdentifier>{7edfefb5-2c96-441b-aed8-7f8411c9bce5}</UniqueIdentifier>
    </Filter>
    <Filter Include="Source Files\ScriptModule">
      <UniqueIdentifier>{02b7502d-e436-4891-89b9-7b37fb1fccfb}</UniqueIdentifier>
    </Filter>
    <Filter Include="Header Files\ScriptModule\modules">
      <UniqueIdentifier>{fc9077c0-a8e3-42e9-a5e2-2f74ceb0f102}</UniqueIdentifier>
    </Filter>
    <Filter Include="Source Files\ScriptModule\modules">
      <UniqueIdentifier>{2dce734d-cace-403b-be57-b1f51d0076c9}</UniqueIdentifier>
    </Filter>
    <Filter Include="Header Files\ScriptModule\modules\GameEngine">
      <UniqueIdentifier>{b986df17-a2f5-4f20-8daf-cefd2ec69341}</UniqueIdentifier>
    </Filter>
    <Filter Include="Header Files\ScriptModule\modules\SmashBros">
      <UniqueIdentifier>{b8a46b42-dc51-401d-b7c6-4d45b9e89d54}</UniqueIdentifier>
    </Filter>
    <Filter Include="Source Files\ScriptModule\modules\SmashBros">
      <UniqueIdentifier>{431d4efa-4805-482f-8fec-beff5c40b71d}</UniqueIdentifier>
    </Filter>
    <Filter Include="Source Files\ScriptModule\modules\GameEngine">
      <UniqueIdentifier>{1afbf9df-44ac-4f30-aa28-2c499f2b14a6}</UniqueIdentifier>
    </Filter>
    <Filter Include="Header Files\ScriptModule\modules\GameEngine\inherit">
      <UniqueIdentifier>{2a5e75f5-898a-472a-bd5b-3959da2b332d}</UniqueIdentifier>
    </Filter>
    <Filter Include="Header Files\ScriptModule\modules\SmashBros\inherit">
      <UniqueIdentifier>{38117b88-be8d-4303-b9a5-1295010ff29b}</UniqueIdentifier>
    </Filter>
    <Filter Include="Source Files\ScriptModule\modules\GameEngine\inherit">
      <UniqueIdentifier>{ac98976d-8c85-4aef-b991-e77a79cbe6d4}</UniqueIdentifier>
    </Filter>
    <Filter Include="Source Files\ScriptModule\modules\SmashBros\inherit">
      <UniqueIdentifier>{235dc774-d910-49ae-bce8-3f14291958c5}</UniqueIdentifier>
    </Filter>
    <Filter Include="Source Files\GameEngine\Sound">
      <UniqueIdentifier>{937b0f9c-e504-41d0-b46d-169c962668e8}</UniqueIdentifier>
    </Filter>
    <Filter Include="Header Files\GameEngine\Sound">
      <UniqueIdentifier>{03fa8b2b-212a-40e7-b440-11be8a42ce80}</UniqueIdentifier>
    </Filter>
    <Filter Include="Header Files\GameEngine\CodeBridge">
      <UniqueIdentifier>{629d1301-1aa7-49f4-b1f6-f68adbcc950a}</UniqueIdentifier>
    </Filter>
    <Filter Include="Header Files\GameEngine\CodeBridge\iCade">
      <UniqueIdentifier>{fd6b04ec-43e8-4e88-a6e2-324b18444974}</UniqueIdentifier>
    </Filter>
    <Filter Include="Source Files\GameEngine\CodeBridge">
      <UniqueIdentifier>{3f01f98e-f6ab-4cc6-a750-5f5fcc7574d2}</UniqueIdentifier>
    </Filter>
  </ItemGroup>
  <ItemGroup>
    <ClCompile Include="Source\GameEngine\Actor\Actor.cpp">
      <Filter>Source Files\GameEngine\Actor</Filter>
    </ClCompile>
    <ClCompile Include="Source\GameEngine\Actor\Animation.cpp">
      <Filter>Source Files\GameEngine\Actor</Filter>
    </ClCompile>
    <ClCompile Include="Source\GameEngine\Actor\AnimationManager.cpp">
      <Filter>Source Files\GameEngine\Actor</Filter>
    </ClCompile>
    <ClCompile Include="Source\GameEngine\Actor\PrimitiveActor.cpp">
      <Filter>Source Files\GameEngine\Actor</Filter>
    </ClCompile>
    <ClCompile Include="Source\GameEngine\Actor\TextActor.cpp">
      <Filter>Source Files\GameEngine\Actor</Filter>
    </ClCompile>
    <ClCompile Include="Source\GameEngine\Actor\WireframeActor.cpp">
      <Filter>Source Files\GameEngine\Actor</Filter>
    </ClCompile>
    <ClCompile Include="Source\GameEngine\Graphics\Graphics2D.cpp">
      <Filter>Source Files\GameEngine\Graphics</Filter>
    </ClCompile>
    <ClCompile Include="Source\GameEngine\Input\Keys.cpp">
      <Filter>Source Files\GameEngine\Input</Filter>
    </ClCompile>
    <ClCompile Include="Source\GameEngine\Util\Thread.cpp">
      <Filter>Source Files\GameEngine\Util</Filter>
    </ClCompile>
    <ClCompile Include="Source\GameEngine\Util\String.cpp">
      <Filter>Source Files\GameEngine\Util</Filter>
    </ClCompile>
    <ClCompile Include="Source\GameEngine\Util\PrefManager.cpp">
      <Filter>Source Files\GameEngine\Util</Filter>
    </ClCompile>
    <ClCompile Include="Source\GameEngine\Util\PixelIterator.cpp">
      <Filter>Source Files\GameEngine\Util</Filter>
    </ClCompile>
    <ClCompile Include="Source\GameEngine\Util\Font.cpp">
      <Filter>Source Files\GameEngine\Util</Filter>
    </ClCompile>
    <ClCompile Include="Source\GameEngine\Util\Color.cpp">
      <Filter>Source Files\GameEngine\Util</Filter>
    </ClCompile>
    <ClCompile Include="Source\GameEngine\Util\BufferedImage.cpp">
      <Filter>Source Files\GameEngine\Util</Filter>
    </ClCompile>
    <ClCompile Include="Source\GameEngine\ScreenManager\ScreenManager.cpp">
      <Filter>Source Files\GameEngine\ScreenManager</Filter>
    </ClCompile>
    <ClCompile Include="Source\GameEngine\ScreenManager\Screen.cpp">
      <Filter>Source Files\GameEngine\ScreenManager</Filter>
    </ClCompile>
    <ClCompile Include="Source\GameEngine\ScreenManager\MenuScreen.cpp">
      <Filter>Source Files\GameEngine\ScreenManager</Filter>
    </ClCompile>
    <ClCompile Include="Source\GameEngine\Output\Console.cpp">
      <Filter>Source Files\GameEngine\Output</Filter>
    </ClCompile>
    <ClCompile Include="Source\GameEngine\Application.cpp">
      <Filter>Source Files\GameEngine</Filter>
    </ClCompile>
    <ClCompile Include="Source\GameEngine\View.cpp">
      <Filter>Source Files\GameEngine</Filter>
    </ClCompile>
    <ClCompile Include="Source\GameEngine\AssetManager.cpp">
      <Filter>Source Files\GameEngine</Filter>
    </ClCompile>
    <ClCompile Include="Source\GameEngine\BatchLoader.cpp">
      <Filter>Source Files\GameEngine</Filter>
    </ClCompile>
    <ClCompile Include="Source\SmashBros\Game\Characters\Fox.cpp">
      <Filter>Source Files\SmashBros\Game\Characters</Filter>
    </ClCompile>
    <ClCompile Include="Source\SmashBros\Game\Characters\Ichigo.cpp">
      <Filter>Source Files\SmashBros\Game\Characters</Filter>
    </ClCompile>
    <ClCompile Include="Source\SmashBros\Game\Characters\Link.cpp">
      <Filter>Source Files\SmashBros\Game\Characters</Filter>
    </ClCompile>
    <ClCompile Include="Source\SmashBros\Game\Characters\Mario.cpp">
      <Filter>Source Files\SmashBros\Game\Characters</Filter>
    </ClCompile>
    <ClCompile Include="Source\SmashBros\Game\Characters\Pikachu.cpp">
      <Filter>Source Files\SmashBros\Game\Characters</Filter>
    </ClCompile>
    <ClCompile Include="Source\SmashBros\Game\Characters\Sonic.cpp">
      <Filter>Source Files\SmashBros\Game\Characters</Filter>
    </ClCompile>
    <ClCompile Include="Source\SmashBros\Game\Items\HeartContainer.cpp">
      <Filter>Source Files\SmashBros\Game\Items</Filter>
    </ClCompile>
    <ClCompile Include="Source\SmashBros\Game\Items\PoisonMushroom.cpp">
      <Filter>Source Files\SmashBros\Game\Items</Filter>
    </ClCompile>
    <ClCompile Include="Source\SmashBros\Game\Items\RayGun.cpp">
      <Filter>Source Files\SmashBros\Game\Items</Filter>
    </ClCompile>
    <ClCompile Include="Source\SmashBros\Game\Items\SmashBall.cpp">
      <Filter>Source Files\SmashBros\Game\Items</Filter>
    </ClCompile>
    <ClCompile Include="Source\SmashBros\Game\Items\SuperMushroom.cpp">
      <Filter>Source Files\SmashBros\Game\Items</Filter>
    </ClCompile>
    <ClCompile Include="Source\SmashBros\Game\Items\BeamSword.cpp">
      <Filter>Source Files\SmashBros\Game\Items</Filter>
    </ClCompile>
    <ClCompile Include="Source\SmashBros\Game\Stages\StagePieces\HangPoint.cpp">
      <Filter>Source Files\SmashBros\Game\Stages\StagePieces</Filter>
    </ClCompile>
    <ClCompile Include="Source\SmashBros\Game\Stages\StagePieces\OffScreenExplode.cpp">
      <Filter>Source Files\SmashBros\Game\Stages\StagePieces</Filter>
    </ClCompile>
    <ClCompile Include="Source\SmashBros\Game\Stages\StagePieces\Platform.cpp">
      <Filter>Source Files\SmashBros\Game\Stages\StagePieces</Filter>
    </ClCompile>
    <ClCompile Include="Source\SmashBros\Game\Stages\BattlefieldBrawl.cpp">
      <Filter>Source Files\SmashBros\Game\Stages</Filter>
    </ClCompile>
    <ClCompile Include="Source\SmashBros\Game\Stages\FinalDestinationBrawl.cpp">
      <Filter>Source Files\SmashBros\Game\Stages</Filter>
    </ClCompile>
    <ClCompile Include="Source\SmashBros\Game\Stages\FractalStage.cpp">
      <Filter>Source Files\SmashBros\Game\Stages</Filter>
    </ClCompile>
    <ClCompile Include="Source\SmashBros\Game\Stages\HillsideBattleground.cpp">
      <Filter>Source Files\SmashBros\Game\Stages</Filter>
    </ClCompile>
    <ClCompile Include="Source\SmashBros\Game\Stages\HyruleTemple.cpp">
      <Filter>Source Files\SmashBros\Game\Stages</Filter>
    </ClCompile>
    <ClCompile Include="Source\SmashBros\Game\GameScreen.cpp">
      <Filter>Source Files\SmashBros\Game</Filter>
    </ClCompile>
    <ClCompile Include="Source\SmashBros\Game\WinnerScreen.cpp">
      <Filter>Source Files\SmashBros\Game</Filter>
    </ClCompile>
    <ClCompile Include="Source\SmashBros\Menus\MenuPieces\ActorGrid.cpp">
      <Filter>Source Files\SmashBros\Menus\MenuPieces</Filter>
    </ClCompile>
    <ClCompile Include="Source\SmashBros\Menus\MenuPieces\Arrows.cpp">
      <Filter>Source Files\SmashBros\Menus\MenuPieces</Filter>
    </ClCompile>
    <ClCompile Include="Source\SmashBros\Menus\MenuPieces\MenuBar.cpp">
      <Filter>Source Files\SmashBros\Menus\MenuPieces</Filter>
    </ClCompile>
    <ClCompile Include="Source\SmashBros\Menus\MenuPieces\MenuBarSmall.cpp">
      <Filter>Source Files\SmashBros\Menus\MenuPieces</Filter>
    </ClCompile>
    <ClCompile Include="Source\SmashBros\Menus\MenuPieces\MenuBarSmallButton.cpp">
      <Filter>Source Files\SmashBros\Menus\MenuPieces</Filter>
    </ClCompile>
    <ClCompile Include="Source\SmashBros\Menus\MenuPieces\MenuBarToggle.cpp">
      <Filter>Source Files\SmashBros\Menus\MenuPieces</Filter>
    </ClCompile>
    <ClCompile Include="Source\SmashBros\Menus\MenuPieces\MenuBarValue.cpp">
      <Filter>Source Files\SmashBros\Menus\MenuPieces</Filter>
    </ClCompile>
    <ClCompile Include="Source\SmashBros\Menus\MenuPieces\ToggleButton.cpp">
      <Filter>Source Files\SmashBros\Menus\MenuPieces</Filter>
    </ClCompile>
    <ClCompile Include="Source\SmashBros\Menus\MenuPieces\ToggleButtons.cpp">
      <Filter>Source Files\SmashBros\Menus\MenuPieces</Filter>
    </ClCompile>
    <ClCompile Include="Source\SmashBros\Menus\MenuPieces\TogglePane.cpp">
      <Filter>Source Files\SmashBros\Menus\MenuPieces</Filter>
    </ClCompile>
    <ClCompile Include="Source\SmashBros\Menus\CharSelectScreen.cpp">
      <Filter>Source Files\SmashBros\Menus</Filter>
    </ClCompile>
    <ClCompile Include="Source\SmashBros\Menus\StageSelectScreen.cpp">
      <Filter>Source Files\SmashBros\Menus</Filter>
    </ClCompile>
    <ClCompile Include="Source\SmashBros\Menus\MenuClasses.cpp">
      <Filter>Source Files\SmashBros\Menus</Filter>
    </ClCompile>
    <ClCompile Include="Source\SmashBros\Menus\Menus.cpp">
      <Filter>Source Files\SmashBros\Menus</Filter>
    </ClCompile>
    <ClCompile Include="Source\SmashBros\AttackManager.cpp">
      <Filter>Source Files\SmashBros</Filter>
    </ClCompile>
    <ClCompile Include="Source\SmashBros\AttackRandomizer.cpp">
      <Filter>Source Files\SmashBros</Filter>
    </ClCompile>
    <ClCompile Include="Source\SmashBros\AttackTemplates.cpp">
      <Filter>Source Files\SmashBros</Filter>
    </ClCompile>
    <ClCompile Include="Source\SmashBros\Camera.cpp">
      <Filter>Source Files\SmashBros</Filter>
    </ClCompile>
    <ClCompile Include="Source\SmashBros\Chargebar.cpp">
      <Filter>Source Files\SmashBros</Filter>
    </ClCompile>
    <ClCompile Include="Source\SmashBros\CollisionManager.cpp">
      <Filter>Source Files\SmashBros</Filter>
    </ClCompile>
    <ClCompile Include="Source\SmashBros\Controls.cpp">
      <Filter>Source Files\SmashBros</Filter>
    </ClCompile>
    <ClCompile Include="Source\SmashBros\GameElement.cpp">
      <Filter>Source Files\SmashBros</Filter>
    </ClCompile>
    <ClCompile Include="Source\SmashBros\Global.cpp">
      <Filter>Source Files\SmashBros</Filter>
    </ClCompile>
    <ClCompile Include="Source\SmashBros\HitBox.cpp">
      <Filter>Source Files\SmashBros</Filter>
    </ClCompile>
    <ClCompile Include="Source\SmashBros\HUD.cpp">
      <Filter>Source Files\SmashBros</Filter>
    </ClCompile>
    <ClCompile Include="Source\SmashBros\Item.cpp">
      <Filter>Source Files\SmashBros</Filter>
    </ClCompile>
    <ClCompile Include="Source\SmashBros\ItemManager.cpp">
      <Filter>Source Files\SmashBros</Filter>
    </ClCompile>
    <ClCompile Include="Source\SmashBros\Loader.cpp">
      <Filter>Source Files\SmashBros</Filter>
    </ClCompile>
    <ClCompile Include="Source\SmashBros\Magnifier.cpp">
      <Filter>Source Files\SmashBros</Filter>
    </ClCompile>
    <ClCompile Include="Source\SmashBros\Player.cpp">
      <Filter>Source Files\SmashBros</Filter>
    </ClCompile>
    <ClCompile Include="Source\SmashBros\Preferences.cpp">
      <Filter>Source Files\SmashBros</Filter>
    </ClCompile>
    <ClCompile Include="Source\SmashBros\Projectile.cpp">
      <Filter>Source Files\SmashBros</Filter>
    </ClCompile>
    <ClCompile Include="Source\SmashBros\ProjectileManager.cpp">
      <Filter>Source Files\SmashBros</Filter>
    </ClCompile>
    <ClCompile Include="Source\SmashBros\Stage.cpp">
      <Filter>Source Files\SmashBros</Filter>
    </ClCompile>
    <ClCompile Include="Source\Program.cpp">
      <Filter>Source Files</Filter>
    </ClCompile>
    <ClCompile Include="Source\Game.cpp">
      <Filter>Source Files</Filter>
    </ClCompile>
    <ClCompile Include="External\PlistCpp\src\Plist.cpp">
      <Filter>Source Files\PlistCpp</Filter>
    </ClCompile>
    <ClCompile Include="External\PlistCpp\src\PlistDate.cpp">
      <Filter>Source Files\PlistCpp</Filter>
    </ClCompile>
    <ClCompile Include="External\PlistCpp\src\pugixml.cpp">
      <Filter>Source Files\PlistCpp</Filter>
    </ClCompile>
    <ClCompile Include="Source\ScriptModule\ScriptEntity.cpp">
      <Filter>Source Files\ScriptModule</Filter>
    </ClCompile>
    <ClCompile Include="Source\ScriptModule\ScriptManager.cpp">
      <Filter>Source Files\ScriptModule</Filter>
    </ClCompile>
    <ClCompile Include="Source\ScriptModule\ScriptOperatorOverloads.cpp">
      <Filter>Source Files\ScriptModule</Filter>
    </ClCompile>
    <ClCompile Include="Source\ScriptModule\modules\GameEngine\lib_GameEngine.cpp">
      <Filter>Source Files\ScriptModule\modules\GameEngine</Filter>
    </ClCompile>
    <ClCompile Include="Source\ScriptModule\modules\GameEngine\lib_ge_Actor.cpp">
      <Filter>Source Files\ScriptModule\modules\GameEngine</Filter>
    </ClCompile>
    <ClCompile Include="Source\ScriptModule\modules\GameEngine\lib_ge_Global.cpp">
      <Filter>Source Files\ScriptModule\modules\GameEngine</Filter>
    </ClCompile>
    <ClCompile Include="Source\ScriptModule\modules\GameEngine\lib_ge_Graphics.cpp">
      <Filter>Source Files\ScriptModule\modules\GameEngine</Filter>
    </ClCompile>
    <ClCompile Include="Source\ScriptModule\modules\GameEngine\lib_ge_IO.cpp">
      <Filter>Source Files\ScriptModule\modules\GameEngine</Filter>
    </ClCompile>
    <ClCompile Include="Source\ScriptModule\modules\GameEngine\lib_ge_Math.cpp">
      <Filter>Source Files\ScriptModule\modules\GameEngine</Filter>
    </ClCompile>
    <ClCompile Include="Source\ScriptModule\modules\GameEngine\lib_ge_ScreenManager.cpp">
      <Filter>Source Files\ScriptModule\modules\GameEngine</Filter>
    </ClCompile>
    <ClCompile Include="Source\ScriptModule\modules\GameEngine\lib_ge_Util.cpp">
      <Filter>Source Files\ScriptModule\modules\GameEngine</Filter>
    </ClCompile>
    <ClCompile Include="Source\ScriptModule\modules\GameEngine\inherit\lib_ge_inherit_Actor.cpp">
      <Filter>Source Files\ScriptModule\modules\GameEngine\inherit</Filter>
    </ClCompile>
    <ClCompile Include="Source\ScriptModule\modules\SmashBros\lib_sb_Global.cpp">
      <Filter>Source Files\ScriptModule\modules\SmashBros</Filter>
    </ClCompile>
    <ClCompile Include="Source\ScriptModule\modules\SmashBros\lib_sb_Player.cpp">
      <Filter>Source Files\ScriptModule\modules\SmashBros</Filter>
    </ClCompile>
    <ClCompile Include="Source\ScriptModule\modules\SmashBros\lib_SmashBros.cpp">
      <Filter>Source Files\ScriptModule\modules\SmashBros</Filter>
    </ClCompile>
    <ClCompile Include="Source\ScriptModule\modules\SmashBros\inherit\lib_sb_inherit_Player.cpp">
      <Filter>Source Files\ScriptModule\modules\SmashBros\inherit</Filter>
    </ClCompile>
    <ClCompile Include="Source\ScriptModule\modules\GameEngine\inherit\lib_ge_inherit_TextActor.cpp">
      <Filter>Source Files\ScriptModule\modules\GameEngine\inherit</Filter>
    </ClCompile>
    <ClCompile Include="Source\ScriptModule\modules\GameEngine\inherit\lib_ge_inherit_WireframeActor.cpp">
      <Filter>Source Files\ScriptModule\modules\GameEngine\inherit</Filter>
    </ClCompile>
    <ClCompile Include="Source\ScriptModule\modules\SmashBros\inherit\lib_sb_inherit_GameElement.cpp">
      <Filter>Source Files\ScriptModule\modules\SmashBros\inherit</Filter>
    </ClCompile>
    <ClCompile Include="Source\ScriptModule\modules\SmashBros\lib_sb_Stage.cpp">
      <Filter>Source Files\ScriptModule\modules\SmashBros</Filter>
    </ClCompile>
    <ClCompile Include="Source\ScriptModule\modules\SmashBros\inherit\lib_sb_inherit_Stage.cpp">
      <Filter>Source Files\ScriptModule\modules\SmashBros\inherit</Filter>
    </ClCompile>
    <ClCompile Include="Source\ScriptModule\modules\SmashBros\lib_sb_GameElement.cpp">
      <Filter>Source Files\ScriptModule\modules\SmashBros</Filter>
    </ClCompile>
    <ClCompile Include="Source\GameEngine\Util\FileTools.cpp">
      <Filter>Source Files\GameEngine\Util</Filter>
    </ClCompile>
    <ClCompile Include="Source\ScriptModule\modules\GameEngine\inherit\lib_ge_inherit_MenuScreen.cpp">
      <Filter>Source Files\ScriptModule\modules\GameEngine\inherit</Filter>
    </ClCompile>
    <ClCompile Include="Source\ScriptModule\modules\GameEngine\inherit\lib_ge_inherit_Screen.cpp">
      <Filter>Source Files\ScriptModule\modules\GameEngine\inherit</Filter>
    </ClCompile>
    <ClCompile Include="Source\GameEngine\CodeBridge\CPPBridge.cpp">
      <Filter>Source Files\GameEngine\CodeBridge</Filter>
    </ClCompile>
    <ClCompile Include="Source\GameEngine\Util\P2PManager.cpp">
      <Filter>Source Files\GameEngine\Util</Filter>
    </ClCompile>
    <ClCompile Include="Source\GameEngine\GameEngine.cpp">
      <Filter>Source Files\GameEngine</Filter>
    </ClCompile>
    <ClCompile Include="Source\GameEngine\Sound\Music.cpp">
      <Filter>Source Files\GameEngine\Sound</Filter>
    </ClCompile>
    <ClCompile Include="Source\GameEngine\Sound\Sound.cpp">
      <Filter>Source Files\GameEngine\Sound</Filter>
    </ClCompile>
    <ClCompile Include="Source\SmashBros\P2PDataManager.cpp">
      <Filter>Source Files\SmashBros</Filter>
    </ClCompile>
    <ClCompile Include="Source\SmashBros\MusicManager.cpp">
      <Filter>Source Files\SmashBros</Filter>
    </ClCompile>
    <ClCompile Include="Source\GameEngine\Util\Bitset.cpp">
      <Filter>Source Files\GameEngine\Util</Filter>
    </ClCompile>
    <ClCompile Include="Source\GameEngine\Util\Image.cpp">
      <Filter>Source Files\GameEngine\Util</Filter>
    </ClCompile>
    <ClCompile Include="Source\GameEngine\CodeBridge\ObjCBridge.mm">
      <Filter>Source Files\GameEngine\CodeBridge</Filter>
    </ClCompile>
    <ClCompile Include="Source\SmashBros\SoundManager.cpp">
      <Filter>Source Files\SmashBros</Filter>
    </ClCompile>
    <ClCompile Include="Source\GameEngine\CodeBridge\WinBridge.cpp">
      <Filter>Source Files\GameEngine\CodeBridge</Filter>
    </ClCompile>
    <ClCompile Include="Source\GameEngine\Input\Mouse.cpp">
      <Filter>Source Files\GameEngine\Input</Filter>
    </ClCompile>
  </ItemGroup>
  <ItemGroup>
    <ClInclude Include="Source\GameEngine\Actor\Actor.h">
      <Filter>Header Files\GameEngine\Actor</Filter>
    </ClInclude>
    <ClInclude Include="Source\GameEngine\Actor\Animation.h">
      <Filter>Header Files\GameEngine\Actor</Filter>
    </ClInclude>
    <ClInclude Include="Source\GameEngine\Actor\AnimationManager.h">
      <Filter>Header Files\GameEngine\Actor</Filter>
    </ClInclude>
    <ClInclude Include="Source\GameEngine\Actor\PrimitiveActor.h">
      <Filter>Header Files\GameEngine\Actor</Filter>
    </ClInclude>
    <ClInclude Include="Source\GameEngine\Actor\TextActor.h">
      <Filter>Header Files\GameEngine\Actor</Filter>
    </ClInclude>
    <ClInclude Include="Source\GameEngine\Actor\WireframeActor.h">
      <Filter>Header Files\GameEngine\Actor</Filter>
    </ClInclude>
    <ClInclude Include="Source\GameEngine\Graphics\Graphics2D.h">
      <Filter>Header Files\GameEngine\Graphics</Filter>
    </ClInclude>
    <ClInclude Include="Source\GameEngine\Input\Keys.h">
      <Filter>Header Files\GameEngine\Input</Filter>
    </ClInclude>
    <ClInclude Include="Source\GameEngine\Input\Mouse.h">
      <Filter>Header Files\GameEngine\Input</Filter>
    </ClInclude>
    <ClInclude Include="Source\GameEngine\Util\Thread.h">
      <Filter>Header Files\GameEngine\Util</Filter>
    </ClInclude>
    <ClInclude Include="Source\GameEngine\Util\String.h">
      <Filter>Header Files\GameEngine\Util</Filter>
    </ClInclude>
    <ClInclude Include="Source\GameEngine\Util\PrefManager.h">
      <Filter>Header Files\GameEngine\Util</Filter>
    </ClInclude>
    <ClInclude Include="Source\GameEngine\Util\PixelIterator.h">
      <Filter>Header Files\GameEngine\Util</Filter>
    </ClInclude>
    <ClInclude Include="Source\GameEngine\Util\Font.h">
      <Filter>Header Files\GameEngine\Util</Filter>
    </ClInclude>
    <ClInclude Include="Source\GameEngine\Util\Color.h">
      <Filter>Header Files\GameEngine\Util</Filter>
    </ClInclude>
    <ClInclude Include="Source\GameEngine\Util\BufferedImage.h">
      <Filter>Header Files\GameEngine\Util</Filter>
    </ClInclude>
    <ClInclude Include="Source\GameEngine\ScreenManager\MenuScreen.h">
      <Filter>Header Files\GameEngine\ScreenManager</Filter>
    </ClInclude>
    <ClInclude Include="Source\GameEngine\ScreenManager\Screen.h">
      <Filter>Header Files\GameEngine\ScreenManager</Filter>
    </ClInclude>
    <ClInclude Include="Source\GameEngine\ScreenManager\ScreenManager.h">
      <Filter>Header Files\GameEngine\ScreenManager</Filter>
    </ClInclude>
    <ClInclude Include="Source\GameEngine\Output\Console.h">
      <Filter>Header Files\GameEngine\Output</Filter>
    </ClInclude>
    <ClInclude Include="Source\GameEngine\Application.h">
      <Filter>Header Files\GameEngine</Filter>
    </ClInclude>
    <ClInclude Include="Source\GameEngine\View.h">
      <Filter>Header Files\GameEngine</Filter>
    </ClInclude>
    <ClInclude Include="Source\GameEngine\AssetManager.h">
      <Filter>Header Files\GameEngine</Filter>
    </ClInclude>
    <ClInclude Include="Source\GameEngine\BatchLoader.h">
      <Filter>Header Files\GameEngine</Filter>
    </ClInclude>
    <ClInclude Include="Source\GameEngine\forwards.h">
      <Filter>Header Files\GameEngine</Filter>
    </ClInclude>
    <ClInclude Include="Source\GameEngine\GameEngine.h">
      <Filter>Header Files\GameEngine</Filter>
    </ClInclude>
    <ClInclude Include="Source\GameEngine\Global.h">
      <Filter>Header Files\GameEngine</Filter>
    </ClInclude>
    <ClInclude Include="Source\SmashBros\Game\Characters\Fox.h">
      <Filter>Header Files\SmashBros\Game\Characters</Filter>
    </ClInclude>
    <ClInclude Include="Source\SmashBros\Game\Characters\Ichigo.h">
      <Filter>Header Files\SmashBros\Game\Characters</Filter>
    </ClInclude>
    <ClInclude Include="Source\SmashBros\Game\Characters\Link.h">
      <Filter>Header Files\SmashBros\Game\Characters</Filter>
    </ClInclude>
    <ClInclude Include="Source\SmashBros\Game\Characters\Mario.h">
      <Filter>Header Files\SmashBros\Game\Characters</Filter>
    </ClInclude>
    <ClInclude Include="Source\SmashBros\Game\Characters\Pikachu.h">
      <Filter>Header Files\SmashBros\Game\Characters</Filter>
    </ClInclude>
    <ClInclude Include="Source\SmashBros\Game\Characters\Sonic.h">
      <Filter>Header Files\SmashBros\Game\Characters</Filter>
    </ClInclude>
    <ClInclude Include="Source\SmashBros\Game\Items\BeamSword.h">
      <Filter>Header Files\SmashBros\Game\Items</Filter>
    </ClInclude>
    <ClInclude Include="Source\SmashBros\Game\Items\HeartContainer.h">
      <Filter>Header Files\SmashBros\Game\Items</Filter>
    </ClInclude>
    <ClInclude Include="Source\SmashBros\Game\Items\PoisonMushroom.h">
      <Filter>Header Files\SmashBros\Game\Items</Filter>
    </ClInclude>
    <ClInclude Include="Source\SmashBros\Game\Items\RayGun.h">
      <Filter>Header Files\SmashBros\Game\Items</Filter>
    </ClInclude>
    <ClInclude Include="Source\SmashBros\Game\Items\SmashBall.h">
      <Filter>Header Files\SmashBros\Game\Items</Filter>
    </ClInclude>
    <ClInclude Include="Source\SmashBros\Game\Items\SuperMushroom.h">
      <Filter>Header Files\SmashBros\Game\Items</Filter>
    </ClInclude>
    <ClInclude Include="Source\SmashBros\Game\Stages\StagePieces\OffScreenExplode.h">
      <Filter>Header Files\SmashBros\Game\Stages\StagePieces</Filter>
    </ClInclude>
    <ClInclude Include="Source\SmashBros\Game\Stages\StagePieces\Platform.h">
      <Filter>Header Files\SmashBros\Game\Stages\StagePieces</Filter>
    </ClInclude>
    <ClInclude Include="Source\SmashBros\Game\Stages\StagePieces\HangPoint.h">
      <Filter>Header Files\SmashBros\Game\Stages\StagePieces</Filter>
    </ClInclude>
    <ClInclude Include="Source\SmashBros\Game\Stages\BattlefieldBrawl.h">
      <Filter>Header Files\SmashBros\Game\Stages</Filter>
    </ClInclude>
    <ClInclude Include="Source\SmashBros\Game\Stages\FinalDestinationBrawl.h">
      <Filter>Header Files\SmashBros\Game\Stages</Filter>
    </ClInclude>
    <ClInclude Include="Source\SmashBros\Game\Stages\FractalStage.h">
      <Filter>Header Files\SmashBros\Game\Stages</Filter>
    </ClInclude>
    <ClInclude Include="Source\SmashBros\Game\Stages\HillsideBattleground.h">
      <Filter>Header Files\SmashBros\Game\Stages</Filter>
    </ClInclude>
    <ClInclude Include="Source\SmashBros\Game\Stages\HyruleTemple.h">
      <Filter>Header Files\SmashBros\Game\Stages</Filter>
    </ClInclude>
    <ClInclude Include="Source\SmashBros\Game\GameScreen.h">
      <Filter>Header Files\SmashBros\Game</Filter>
    </ClInclude>
    <ClInclude Include="Source\SmashBros\Game\WinnerScreen.h">
      <Filter>Header Files\SmashBros\Game</Filter>
    </ClInclude>
    <ClInclude Include="Source\SmashBros\Menus\MenuPieces\ActorGrid.h">
      <Filter>Header Files\SmashBros\Menus\MenuPieces</Filter>
    </ClInclude>
    <ClInclude Include="Source\SmashBros\Menus\MenuPieces\Arrows.h">
      <Filter>Header Files\SmashBros\Menus\MenuPieces</Filter>
    </ClInclude>
    <ClInclude Include="Source\SmashBros\Menus\MenuPieces\MenuBar.h">
      <Filter>Header Files\SmashBros\Menus\MenuPieces</Filter>
    </ClInclude>
    <ClInclude Include="Source\SmashBros\Menus\MenuPieces\MenuBarSmall.h">
      <Filter>Header Files\SmashBros\Menus\MenuPieces</Filter>
    </ClInclude>
    <ClInclude Include="Source\SmashBros\Menus\MenuPieces\MenuBarSmallButton.h">
      <Filter>Header Files\SmashBros\Menus\MenuPieces</Filter>
    </ClInclude>
    <ClInclude Include="Source\SmashBros\Menus\MenuPieces\MenuBarToggle.h">
      <Filter>Header Files\SmashBros\Menus\MenuPieces</Filter>
    </ClInclude>
    <ClInclude Include="Source\SmashBros\Menus\MenuPieces\MenuBarValue.h">
      <Filter>Header Files\SmashBros\Menus\MenuPieces</Filter>
    </ClInclude>
    <ClInclude Include="Source\SmashBros\Menus\MenuPieces\ToggleButton.h">
      <Filter>Header Files\SmashBros\Menus\MenuPieces</Filter>
    </ClInclude>
    <ClInclude Include="Source\SmashBros\Menus\MenuPieces\ToggleButtons.h">
      <Filter>Header Files\SmashBros\Menus\MenuPieces</Filter>
    </ClInclude>
    <ClInclude Include="Source\SmashBros\Menus\MenuPieces\TogglePane.h">
      <Filter>Header Files\SmashBros\Menus\MenuPieces</Filter>
    </ClInclude>
    <ClInclude Include="Source\SmashBros\Menus\CharSelectScreen.h">
      <Filter>Header Files\SmashBros\Menus</Filter>
    </ClInclude>
    <ClInclude Include="Source\SmashBros\Menus\MenuClasses.h">
      <Filter>Header Files\SmashBros\Menus</Filter>
    </ClInclude>
    <ClInclude Include="Source\SmashBros\Menus\Menus.h">
      <Filter>Header Files\SmashBros\Menus</Filter>
    </ClInclude>
    <ClInclude Include="Source\SmashBros\Menus\StageSelectScreen.h">
      <Filter>Header Files\SmashBros\Menus</Filter>
    </ClInclude>
    <ClInclude Include="Source\SmashBros\HitBox.h">
      <Filter>Header Files\SmashBros</Filter>
    </ClInclude>
    <ClInclude Include="Source\SmashBros\HUD.h">
      <Filter>Header Files\SmashBros</Filter>
    </ClInclude>
    <ClInclude Include="Source\SmashBros\Item.h">
      <Filter>Header Files\SmashBros</Filter>
    </ClInclude>
    <ClInclude Include="Source\SmashBros\ItemManager.h">
      <Filter>Header Files\SmashBros</Filter>
    </ClInclude>
    <ClInclude Include="Source\SmashBros\Loader.h">
      <Filter>Header Files\SmashBros</Filter>
    </ClInclude>
    <ClInclude Include="Source\SmashBros\Magnifier.h">
      <Filter>Header Files\SmashBros</Filter>
    </ClInclude>
    <ClInclude Include="Source\SmashBros\Player.h">
      <Filter>Header Files\SmashBros</Filter>
    </ClInclude>
    <ClInclude Include="Source\SmashBros\Preferences.h">
      <Filter>Header Files\SmashBros</Filter>
    </ClInclude>
    <ClInclude Include="Source\SmashBros\Projectile.h">
      <Filter>Header Files\SmashBros</Filter>
    </ClInclude>
    <ClInclude Include="Source\SmashBros\ProjectileManager.h">
      <Filter>Header Files\SmashBros</Filter>
    </ClInclude>
    <ClInclude Include="Source\SmashBros\Stage.h">
      <Filter>Header Files\SmashBros</Filter>
    </ClInclude>
    <ClInclude Include="Source\SmashBros\AttackManager.h">
      <Filter>Header Files\SmashBros</Filter>
    </ClInclude>
    <ClInclude Include="Source\SmashBros\AttackRandomizer.h">
      <Filter>Header Files\SmashBros</Filter>
    </ClInclude>
    <ClInclude Include="Source\SmashBros\AttackTemplates.h">
      <Filter>Header Files\SmashBros</Filter>
    </ClInclude>
    <ClInclude Include="Source\SmashBros\Camera.h">
      <Filter>Header Files\SmashBros</Filter>
    </ClInclude>
    <ClInclude Include="Source\SmashBros\Chargebar.h">
      <Filter>Header Files\SmashBros</Filter>
    </ClInclude>
    <ClInclude Include="Source\SmashBros\CollisionManager.h">
      <Filter>Header Files\SmashBros</Filter>
    </ClInclude>
    <ClInclude Include="Source\SmashBros\Controls.h">
      <Filter>Header Files\SmashBros</Filter>
    </ClInclude>
    <ClInclude Include="Source\SmashBros\GameElement.h">
      <Filter>Header Files\SmashBros</Filter>
    </ClInclude>
    <ClInclude Include="Source\SmashBros\Global.h">
      <Filter>Header Files\SmashBros</Filter>
    </ClInclude>
    <ClInclude Include="Source\Game.h">
      <Filter>Header Files</Filter>
    </ClInclude>
    <ClInclude Include="Source\GameEngine\Util\ArrayList.h">
      <Filter>Header Files\GameEngine\Util</Filter>
    </ClInclude>
    <ClInclude Include="Source\GameEngine\Util\Vector2.h">
      <Filter>Header Files\GameEngine\Util</Filter>
    </ClInclude>
    <ClInclude Include="External\PlistCpp\src\base64.hpp">
      <Filter>Header Files\PlistCpp</Filter>
    </ClInclude>
    <ClInclude Include="External\PlistCpp\src\Plist.hpp">
      <Filter>Header Files\PlistCpp</Filter>
    </ClInclude>
    <ClInclude Include="External\PlistCpp\src\PlistDate.hpp">
      <Filter>Header Files\PlistCpp</Filter>
    </ClInclude>
    <ClInclude Include="External\PlistCpp\src\pugiconfig.hpp">
      <Filter>Header Files\PlistCpp</Filter>
    </ClInclude>
    <ClInclude Include="External\PlistCpp\src\pugixml.hpp">
      <Filter>Header Files\PlistCpp</Filter>
    </ClInclude>
    <ClInclude Include="Source\ScriptModule\ScriptEntity.h">
      <Filter>Header Files\ScriptModule</Filter>
    </ClInclude>
    <ClInclude Include="Source\ScriptModule\ScriptMacros.h">
      <Filter>Header Files\ScriptModule</Filter>
    </ClInclude>
    <ClInclude Include="Source\ScriptModule\ScriptManager.h">
      <Filter>Header Files\ScriptModule</Filter>
    </ClInclude>
    <ClInclude Include="Source\ScriptModule\ScriptOperatorOverloads.h">
      <Filter>Header Files\ScriptModule</Filter>
    </ClInclude>
    <ClInclude Include="Source\ScriptModule\modules\GameEngine\lib_GameEngine.h">
      <Filter>Header Files\ScriptModule\modules\GameEngine</Filter>
    </ClInclude>
    <ClInclude Include="Source\ScriptModule\modules\GameEngine\lib_ge_ArrayList.h">
      <Filter>Header Files\ScriptModule\modules\GameEngine</Filter>
    </ClInclude>
    <ClInclude Include="Source\ScriptModule\modules\GameEngine\lib_ge_Thread.h">
      <Filter>Header Files\ScriptModule\modules\GameEngine</Filter>
    </ClInclude>
    <ClInclude Include="Source\ScriptModule\modules\GameEngine\lib_ge_Vector2.h">
      <Filter>Header Files\ScriptModule\modules\GameEngine</Filter>
    </ClInclude>
    <ClInclude Include="Source\ScriptModule\modules\SmashBros\lib_SmashBros.h">
      <Filter>Header Files\ScriptModule\modules\SmashBros</Filter>
    </ClInclude>
    <ClInclude Include="Source\ScriptModule\modules\SmashBros\inherit\lib_sb_inherit_Player.h">
      <Filter>Header Files\ScriptModule\modules\SmashBros\inherit</Filter>
    </ClInclude>
    <ClInclude Include="Source\ScriptModule\modules\SmashBros\inherit\lib_sb_inherit_GameElement.h">
      <Filter>Header Files\ScriptModule\modules\SmashBros\inherit</Filter>
    </ClInclude>
    <ClInclude Include="Source\ScriptModule\modules\GameEngine\inherit\lib_ge_inherit_TextActor.h">
      <Filter>Header Files\ScriptModule\modules\GameEngine\inherit</Filter>
    </ClInclude>
    <ClInclude Include="Source\ScriptModule\modules\GameEngine\inherit\lib_ge_inherit_WireframeActor.h">
      <Filter>Header Files\ScriptModule\modules\GameEngine\inherit</Filter>
    </ClInclude>
    <ClInclude Include="Source\ScriptModule\modules\GameEngine\inherit\lib_ge_inherit_Actor.h">
      <Filter>Header Files\ScriptModule\modules\GameEngine\inherit</Filter>
    </ClInclude>
    <ClInclude Include="Source\ScriptModule\modules\SmashBros\inherit\lib_sb_inherit_Stage.h">
      <Filter>Header Files\ScriptModule\modules\SmashBros\inherit</Filter>
    </ClInclude>
    <ClInclude Include="Source\GameEngine\Util\FileTools.h">
      <Filter>Header Files\GameEngine\Util</Filter>
    </ClInclude>
    <ClInclude Include="Source\ScriptModule\modules\GameEngine\inherit\lib_ge_inherit_MenuScreen.h">
      <Filter>Header Files\ScriptModule\modules\GameEngine\inherit</Filter>
    </ClInclude>
    <ClInclude Include="Source\ScriptModule\modules\GameEngine\inherit\lib_ge_inherit_Screen.h">
      <Filter>Header Files\ScriptModule\modules\GameEngine\inherit</Filter>
    </ClInclude>
    <ClInclude Include="Source\GameEngine\CodeBridge\CPPBridge.h">
      <Filter>Header Files\GameEngine\CodeBridge</Filter>
    </ClInclude>
    <ClInclude Include="Source\GameEngine\CodeBridge\iCadeControllerReceiver.h">
      <Filter>Header Files\GameEngine\CodeBridge</Filter>
    </ClInclude>
    <ClInclude Include="Source\GameEngine\CodeBridge\ObjCBridge.h">
      <Filter>Header Files\GameEngine\CodeBridge</Filter>
    </ClInclude>
    <ClInclude Include="Source\GameEngine\CodeBridge\iCade\iCadeState.h">
      <Filter>Header Files\GameEngine\CodeBridge\iCade</Filter>
    </ClInclude>
    <ClInclude Include="Source\GameEngine\Util\P2PManager.h">
      <Filter>Header Files\GameEngine\Util</Filter>
    </ClInclude>
    <ClInclude Include="Source\GameEngine\Sound\Music.h">
      <Filter>Header Files\GameEngine\Sound</Filter>
    </ClInclude>
    <ClInclude Include="Source\GameEngine\Sound\Sound.h">
      <Filter>Header Files\GameEngine\Sound</Filter>
    </ClInclude>
    <ClInclude Include="Source\SmashBros\P2PDataManager.h">
      <Filter>Header Files\SmashBros</Filter>
    </ClInclude>
    <ClInclude Include="Source\SmashBros\MusicManager.h">
      <Filter>Header Files\SmashBros</Filter>
    </ClInclude>
    <ClInclude Include="Source\GameEngine\Util\Bitset.h">
      <Filter>Header Files\GameEngine\Util</Filter>
    </ClInclude>
    <ClInclude Include="Source\GameEngine\Util\Image.h">
      <Filter>Header Files\GameEngine\Util</Filter>
    </ClInclude>
    <ClInclude Include="Source\SmashBros\SoundManager.h">
      <Filter>Header Files\SmashBros</Filter>
    </ClInclude>
    <ClInclude Include="Source\GameEngine\Input\TouchPoint.h">
      <Filter>Header Files\GameEngine\Input</Filter>
    </ClInclude>
  </ItemGroup>
</Project>